
Microsoft Visual Studio Solution File, Format Version 12.00
# Visual Studio Version 17
VisualStudioVersion = 17.0.32014.148
MinimumVisualStudioVersion = 10.0.40219.1
Project("{FAE04EC0-301F-11D3-BF4B-00C04F79EFBC}") = "PeerStudy", "PeerStudy\PeerStudy.csproj", "{517DAE95-0E1B-4AFF-BD8B-596894AE14D2}"
EndProject
Global
	GlobalSection(SolutionConfigurationPlatforms) = preSolution
		Debug|Any CPU = Debug|Any CPU
		Release|Any CPU = Release|Any CPU
	EndGlobalSection
	GlobalSection(ProjectConfigurationPlatforms) = postSolution
		{517DAE95-0E1B-4AFF-BD8B-596894AE14D2}.Debug|Any CPU.ActiveCfg = Debug|Any CPU
		{517DAE95-0E1B-4AFF-BD8B-596894AE14D2}.Debug|Any CPU.Build.0 = Debug|Any CPU
		{517DAE95-0E1B-4AFF-BD8B-596894AE14D2}.Release|Any CPU.ActiveCfg = Release|Any CPU
		{517DAE95-0E1B-4AFF-BD8B-596894AE14D2}.Release|Any CPU.Build.0 = Release|Any CPU
	EndGlobalSection
	GlobalSection(SolutionProperties) = preSolution
		HideSolutionNode = FALSE
	EndGlobalSection
	GlobalSection(ExtensibilityGlobals) = postSolution
		SolutionGuid = {1658CCFB-EADB-4040-85B6-768416CF5BFE}
	EndGlobalSection
EndGlobal
